{
    "name": "官方slider的封装",
    "version": "1.0.0",
    "lockfileVersion": 3,
    "requires": true,
    "packages": {
        "": {
            "name": "官方slider的封装",
            "version": "1.0.0",
            "dependencies": {
                "pinyin-pro": "^3.26.0",
                "three": "^0.151.0",
                "three-platformize": "^1.133.3"
            }
        },
        "node_modules/@types/three": {
            "version": "0.133.1",
            "resolved": "https://registry.npmmirror.com/@types/three/-/three-0.133.1.tgz",
            "integrity": "sha512-XqBrP/+kbs+o0CYRhCVVE95v7FaL2bO5Z7+3VQJE0nEyjo+9LoLfeNgZITOnndKHxM+7ltEciAIR7uE0SZlsOg=="
        },
        "node_modules/pinyin-pro": {
            "version": "3.26.0",
            "resolved": "https://registry.npmmirror.com/pinyin-pro/-/pinyin-pro-3.26.0.tgz",
            "integrity": "sha512-HcBZZb0pvm0/JkPhZHWA5Hqp2cWHXrrW/WrV+OtaYYM+kf35ffvZppIUuGmyuQ7gDr1JDJKMkbEE+GN0wfMoGg=="
        },
        "node_modules/three": {
            "version": "0.151.3",
            "resolved": "https://registry.npmmirror.com/three/-/three-0.151.3.tgz",
            "integrity": "sha512-+vbuqxFy8kzLeO5MgpBHUvP/EAiecaDwDuOPPDe6SbrZr96kccF0ktLngXc7xA7bzyd3N0t2f6mw3Z9y6JCojQ=="
        },
        "node_modules/three-platformize": {
            "version": "1.133.3",
            "resolved": "https://registry.npmmirror.com/three-platformize/-/three-platformize-1.133.3.tgz",
            "integrity": "sha512-fb7lxtMU/ZSX+JZBrpZVJhK0yYc+ozcLAqEhqXXngrZWrSYUHyOeMpS9vfkmFVr+Jx2nzvvGxrf0OcGzY8Y4vA==",
            "dependencies": {
                "@types/three": "^0.133.0"
            }
        }
    }
}
